
Microsoft Visual Studio Solution File, Format Version 12.00
# Visual Studio Version 16
VisualStudioVersion = 16.0.30011.22
MinimumVisualStudioVersion = 10.0.40219.1
Project("{FAE04EC0-301F-11D3-BF4B-00C04F79EFBC}") = "ShoppingCart", "ShoppingCart\ShoppingCart.csproj", "{73989019-021D-4B3A-9FB9-1EDFEDC081A8}"
EndProject
Global
	GlobalSection(SolutionConfigurationPlatforms) = preSolution
		Debug|Any CPU = Debug|Any CPU
		Release|Any CPU = Release|Any CPU
	EndGlobalSection
	GlobalSection(ProjectConfigurationPlatforms) = postSolution
		{73989019-021D-4B3A-9FB9-1EDFEDC081A8}.Debug|Any CPU.ActiveCfg = Debug|Any CPU
		{73989019-021D-4B3A-9FB9-1EDFEDC081A8}.Debug|Any CPU.Build.0 = Debug|Any CPU
		{73989019-021D-4B3A-9FB9-1EDFEDC081A8}.Release|Any CPU.ActiveCfg = Release|Any CPU
		{73989019-021D-4B3A-9FB9-1EDFEDC081A8}.Release|Any CPU.Build.0 = Release|Any CPU
	EndGlobalSection
	GlobalSection(SolutionProperties) = preSolution
		HideSolutionNode = FALSE
	EndGlobalSection
	GlobalSection(ExtensibilityGlobals) = postSolution
		SolutionGuid = {399BBDFD-6F3A-4487-8EAD-EA9D8C015429}
	EndGlobalSection
EndGlobal
